
Microsoft Visual Studio Solution File, Format Version 12.00
# Visual Studio Version 16
VisualStudioVersion = 16.0.35229.62
MinimumVisualStudioVersion = 10.0.40219.1
Project("{FAE04EC0-301F-11D3-BF4B-00C04F79EFBC}") = "CellOperator", "CellOperator.csproj", "{26D2E974-94CE-4E1A-AA5F-CFB6DB578FDF}"
EndProject
Project("{FAE04EC0-301F-11D3-BF4B-00C04F79EFBC}") = "BLL", "..\BLL\BLL.csproj", "{1933E619-E8C7-4E9C-A6E7-310537FF508B}"
EndProject
Project("{FAE04EC0-301F-11D3-BF4B-00C04F79EFBC}") = "DAL", "..\DAL\DAL.csproj", "{7FDE4F59-15DA-4921-ADB9-D07AC471F079}"
EndProject
Project("{2150E333-8FDC-42A3-9474-1A3956D46DE8}") = "Infrastructure", "Infrastructure", "{F8DD6FF5-1C3F-4E3C-97F1-C1D9BEA1A482}"
EndProject
Global
	GlobalSection(SolutionConfigurationPlatforms) = preSolution
		Debug|Any CPU = Debug|Any CPU
		Release|Any CPU = Release|Any CPU
	EndGlobalSection
	GlobalSection(ProjectConfigurationPlatforms) = postSolution
		{26D2E974-94CE-4E1A-AA5F-CFB6DB578FDF}.Debug|Any CPU.ActiveCfg = Debug|Any CPU
		{26D2E974-94CE-4E1A-AA5F-CFB6DB578FDF}.Debug|Any CPU.Build.0 = Debug|Any CPU
		{26D2E974-94CE-4E1A-AA5F-CFB6DB578FDF}.Release|Any CPU.ActiveCfg = Release|Any CPU
		{26D2E974-94CE-4E1A-AA5F-CFB6DB578FDF}.Release|Any CPU.Build.0 = Release|Any CPU
		{1933E619-E8C7-4E9C-A6E7-310537FF508B}.Debug|Any CPU.ActiveCfg = Debug|Any CPU
		{1933E619-E8C7-4E9C-A6E7-310537FF508B}.Debug|Any CPU.Build.0 = Debug|Any CPU
		{1933E619-E8C7-4E9C-A6E7-310537FF508B}.Release|Any CPU.ActiveCfg = Release|Any CPU
		{1933E619-E8C7-4E9C-A6E7-310537FF508B}.Release|Any CPU.Build.0 = Release|Any CPU
		{7FDE4F59-15DA-4921-ADB9-D07AC471F079}.Debug|Any CPU.ActiveCfg = Debug|Any CPU
		{7FDE4F59-15DA-4921-ADB9-D07AC471F079}.Debug|Any CPU.Build.0 = Debug|Any CPU
		{7FDE4F59-15DA-4921-ADB9-D07AC471F079}.Release|Any CPU.ActiveCfg = Release|Any CPU
		{7FDE4F59-15DA-4921-ADB9-D07AC471F079}.Release|Any CPU.Build.0 = Release|Any CPU
	EndGlobalSection
	GlobalSection(SolutionProperties) = preSolution
		HideSolutionNode = FALSE
	EndGlobalSection
	GlobalSection(NestedProjects) = preSolution
		{1933E619-E8C7-4E9C-A6E7-310537FF508B} = {F8DD6FF5-1C3F-4E3C-97F1-C1D9BEA1A482}
		{7FDE4F59-15DA-4921-ADB9-D07AC471F079} = {F8DD6FF5-1C3F-4E3C-97F1-C1D9BEA1A482}
	EndGlobalSection
	GlobalSection(ExtensibilityGlobals) = postSolution
		SolutionGuid = {5309EA2B-A3F7-462A-828B-74C50949353D}
	EndGlobalSection
EndGlobal
